
Microsoft Visual Studio Solution File, Format Version 12.00
# Visual Studio Version 17
VisualStudioVersion = 17.7.34221.43
MinimumVisualStudioVersion = 10.0.40219.1
Project("{9A19103F-16F7-4668-BE54-9A1E7A4F7556}") = "CustomizableOrders", "CustomizableOrders\CustomizableOrders.csproj", "{8F45ED6C-E15C-4BF2-A91F-4E624D23782D}"
EndProject
Global
	GlobalSection(SolutionConfigurationPlatforms) = preSolution
		Debug|Any CPU = Debug|Any CPU
		Release|Any CPU = Release|Any CPU
	EndGlobalSection
	GlobalSection(ProjectConfigurationPlatforms) = postSolution
		{8F45ED6C-E15C-4BF2-A91F-4E624D23782D}.Debug|Any CPU.ActiveCfg = Debug|Any CPU
		{8F45ED6C-E15C-4BF2-A91F-4E624D23782D}.Debug|Any CPU.Build.0 = Debug|Any CPU
		{8F45ED6C-E15C-4BF2-A91F-4E624D23782D}.Release|Any CPU.ActiveCfg = Release|Any CPU
		{8F45ED6C-E15C-4BF2-A91F-4E624D23782D}.Release|Any CPU.Build.0 = Release|Any CPU
	EndGlobalSection
	GlobalSection(SolutionProperties) = preSolution
		HideSolutionNode = FALSE
	EndGlobalSection
	GlobalSection(ExtensibilityGlobals) = postSolution
		SolutionGuid = {E967BF06-1971-4139-90C0-DA98300FEC96}
	EndGlobalSection
EndGlobal
